
Microsoft Visual Studio Solution File, Format Version 12.00
# Visual Studio Version 16
VisualStudioVersion = 16.0.29609.76
MinimumVisualStudioVersion = 10.0.40219.1
Project("{FAE04EC0-301F-11D3-BF4B-00C04F79EFBC}") = "ReadFile", "ReadFile\ReadFile.csproj", "{A340C0A1-B2EE-4C07-AC2E-413FB0EF5DCD}"
EndProject
Global
	GlobalSection(SolutionConfigurationPlatforms) = preSolution
		Debug|Any CPU = Debug|Any CPU
		Release|Any CPU = Release|Any CPU
	EndGlobalSection
	GlobalSection(ProjectConfigurationPlatforms) = postSolution
		{A340C0A1-B2EE-4C07-AC2E-413FB0EF5DCD}.Debug|Any CPU.ActiveCfg = Debug|Any CPU
		{A340C0A1-B2EE-4C07-AC2E-413FB0EF5DCD}.Debug|Any CPU.Build.0 = Debug|Any CPU
		{A340C0A1-B2EE-4C07-AC2E-413FB0EF5DCD}.Release|Any CPU.ActiveCfg = Release|Any CPU
		{A340C0A1-B2EE-4C07-AC2E-413FB0EF5DCD}.Release|Any CPU.Build.0 = Release|Any CPU
	EndGlobalSection
	GlobalSection(SolutionProperties) = preSolution
		HideSolutionNode = FALSE
	EndGlobalSection
	GlobalSection(ExtensibilityGlobals) = postSolution
		SolutionGuid = {3244FF7B-3D41-41CA-81EF-A2B5933E8382}
	EndGlobalSection
EndGlobal
